
Microsoft Visual Studio Solution File, Format Version 12.00
# Visual Studio Version 16
VisualStudioVersion = 16.0.30204.135
MinimumVisualStudioVersion = 10.0.40219.1
Project("{FAE04EC0-301F-11D3-BF4B-00C04F79EFBC}") = "AigisProjekt", "AigisProjekt\AigisProjekt.csproj", "{246A177D-4DF9-43DE-B864-EA8AD9BE0869}"
EndProject
Global
	GlobalSection(SolutionConfigurationPlatforms) = preSolution
		Debug|Any CPU = Debug|Any CPU
		Release|Any CPU = Release|Any CPU
	EndGlobalSection
	GlobalSection(ProjectConfigurationPlatforms) = postSolution
		{246A177D-4DF9-43DE-B864-EA8AD9BE0869}.Debug|Any CPU.ActiveCfg = Debug|Any CPU
		{246A177D-4DF9-43DE-B864-EA8AD9BE0869}.Debug|Any CPU.Build.0 = Debug|Any CPU
		{246A177D-4DF9-43DE-B864-EA8AD9BE0869}.Release|Any CPU.ActiveCfg = Release|Any CPU
		{246A177D-4DF9-43DE-B864-EA8AD9BE0869}.Release|Any CPU.Build.0 = Release|Any CPU
	EndGlobalSection
	GlobalSection(SolutionProperties) = preSolution
		HideSolutionNode = FALSE
	EndGlobalSection
	GlobalSection(ExtensibilityGlobals) = postSolution
		SolutionGuid = {84A8B6A4-BEB7-45B9-8922-03C7D454ADD3}
	EndGlobalSection
EndGlobal
